{
  "nodes": {
    "nixpkgs": {
      "locked": {
        "lastModified": 1731075270,
        "narHash": "sha256-MsLmK+OG+eIOc84VhNf5ov7dGqQQh9ly6hLOADz88eE=",
        "owner": "NixOS",
        "repo": "nixpkgs",
        "rev": "50f7983ec7f534bdcd8dfd2491c06dfce6e59ba9",
        "type": "github"
      },
      "original": {
        "owner": "NixOS",
        "ref": "nixos-unstable-small",
        "repo": "nixpkgs",
        "type": "github"
      }
    },
    "root": {
      "inputs": {
        "nixpkgs": "nixpkgs"
      }
    }
  },
  "root": "root",
  "version": 7
}
